{
  "requires": true,
  "lockfileVersion": 1,
  "dependencies": {
    "@syncfusion/ej2-angular-base": {
      "version": "18.1.43",
      "resolved": "https://registry.npmjs.org/@syncfusion/ej2-angular-base/-/ej2-angular-base-18.1.43.tgz",
      "integrity": "sha512-iYXyUAcMsUL2LiUaSbjqdeeA2oAf3X9r8sL+IuiiyNnIC+z6M/aWTeq3Qh5QtxWodH/mrFLzZsPDY9p/qZxQOw==",
      "requires": {
        "@syncfusion/ej2-base": "~18.1.42",
        "core-js": "^3.4.8",
        "reflect-metadata": "^0.1.9",
        "rxjs": "^5.0.0",
        "zone.js": "^0.7.2"
      }
    },
    "@syncfusion/ej2-angular-grids": {
      "version": "18.1.44",
      "resolved": "https://registry.npmjs.org/@syncfusion/ej2-angular-grids/-/ej2-angular-grids-18.1.44.tgz",
      "integrity": "sha512-Ek8t7S4jMoUPVEEws7WzKD8Bml5qbYl3/8/nevtdNyX5UTFIMnZD/nPdxDxIJapTT0pN43MZP3YbksZyJuIJ1Q==",
      "requires": {
        "@syncfusion/ej2-angular-base": "~18.1.43",
        "@syncfusion/ej2-base": "~18.1.44",
        "@syncfusion/ej2-grids": "18.1.44"
      }
    },
    "@syncfusion/ej2-base": {
      "version": "18.1.44",
      "resolved": "https://registry.npmjs.org/@syncfusion/ej2-base/-/ej2-base-18.1.44.tgz",
      "integrity": "sha512-Z1Y9fCs1Fa3ZkP31/C1L97mzMm/Al7W5eGZdUuu60A0volrB1ZGdlPzM/oLP6kdFrICr+OSnL84vDHF5pI0hVg==",
      "requires": {
        "@syncfusion/ej2-icons": "~18.1.42"
      }
    },
    "@syncfusion/ej2-buttons": {
      "version": "18.1.43",
      "resolved": "https://registry.npmjs.org/@syncfusion/ej2-buttons/-/ej2-buttons-18.1.43.tgz",
      "integrity": "sha512-QihDJN91mrgROp1OyH7Wa1J3UBAXkoC17KQLmQOxjMhNmoVwgNeNpd0q8lkshrZHLaMd5gXdvJ22rXvGL7CACg==",
      "requires": {
        "@syncfusion/ej2-base": "~18.1.42"
      }
    },
    "@syncfusion/ej2-calendars": {
      "version": "18.1.44",
      "resolved": "https://registry.npmjs.org/@syncfusion/ej2-calendars/-/ej2-calendars-18.1.44.tgz",
      "integrity": "sha512-+23LHPiA8fXa7FnaK+fKdy1d5LzfraTmVrBfXguW5iZnGs7yg4y0PWqmjm+1xvv0gP42KVoR2HuCsKMzOZAbPA==",
      "requires": {
        "@syncfusion/ej2-base": "~18.1.44",
        "@syncfusion/ej2-buttons": "~18.1.43",
        "@syncfusion/ej2-inputs": "~18.1.44",
        "@syncfusion/ej2-lists": "~18.1.44",
        "@syncfusion/ej2-popups": "~18.1.44"
      }
    },
    "@syncfusion/ej2-compression": {
      "version": "18.1.42",
      "resolved": "https://registry.npmjs.org/@syncfusion/ej2-compression/-/ej2-compression-18.1.42.tgz",
      "integrity": "sha512-G84twZ7OI+llQnFMot+E3JhiR+b2Q5M91fao5PfUJq75KNH2afZeQMZFC6rorhm285CY35hPamdClfNca3VhAg==",
      "requires": {
        "@syncfusion/ej2-file-utils": "~18.1.42"
      }
    },
    "@syncfusion/ej2-data": {
      "version": "18.1.43",
      "resolved": "https://registry.npmjs.org/@syncfusion/ej2-data/-/ej2-data-18.1.43.tgz",
      "integrity": "sha512-szSyI1VDJ0m6J7IPL/rLdCJG4tfrRY1ObcvoQtfsTvklreLjOwXhZzyZYStTrO+I4J0tmBeSs81cruA9Ccm4Jw==",
      "requires": {
        "@syncfusion/ej2-base": "~18.1.42"
      }
    },
    "@syncfusion/ej2-dropdowns": {
      "version": "18.1.44",
      "resolved": "https://registry.npmjs.org/@syncfusion/ej2-dropdowns/-/ej2-dropdowns-18.1.44.tgz",
      "integrity": "sha512-KJ1JsdcLz3OgcTjjxcrnT3an9B9dhgWSZHtrltRzXxPqBs/5osCdKIzhk8P+lND69kTrH0z8o49Tpg5ktk3NJA==",
      "requires": {
        "@syncfusion/ej2-base": "~18.1.44",
        "@syncfusion/ej2-data": "~18.1.43",
        "@syncfusion/ej2-inputs": "~18.1.44",
        "@syncfusion/ej2-lists": "~18.1.44",
        "@syncfusion/ej2-navigations": "~18.1.43",
        "@syncfusion/ej2-popups": "~18.1.44"
      }
    },
    "@syncfusion/ej2-excel-export": {
      "version": "18.1.42",
      "resolved": "https://registry.npmjs.org/@syncfusion/ej2-excel-export/-/ej2-excel-export-18.1.42.tgz",
      "integrity": "sha512-qTxaaIVIfskPkbU99tPoyCnq7PiqlOruH7cqHZVR4T1wAVuTRm234xg5ra7u09LTmnylFOX0t12Hxh5V6av2Ag==",
      "requires": {
        "@syncfusion/ej2-base": "~18.1.42",
        "@syncfusion/ej2-compression": "~18.1.42"
      }
    },
    "@syncfusion/ej2-file-utils": {
      "version": "18.1.42",
      "resolved": "https://registry.npmjs.org/@syncfusion/ej2-file-utils/-/ej2-file-utils-18.1.42.tgz",
      "integrity": "sha512-sjGkzomGBTTwvx1sGGN9edGriREqUGPfKyVLgEUN+Hgy1ilfPeWmxDBV3mg3QSo69cAZtJDHGdrYVXwLiP4Qrw=="
    },
    "@syncfusion/ej2-grids": {
      "version": "18.1.44",
      "resolved": "https://registry.npmjs.org/@syncfusion/ej2-grids/-/ej2-grids-18.1.44.tgz",
      "integrity": "sha512-vHg3Xkn6MqM27Zz6MjL45qtjgjvRt3dIMMuKIoaawU2H2Ib/kIA996bypWku2dKmloJ/a/JQ9gGyUrppCGAmlA==",
      "requires": {
        "@syncfusion/ej2-base": "~18.1.44",
        "@syncfusion/ej2-buttons": "~18.1.43",
        "@syncfusion/ej2-calendars": "~18.1.44",
        "@syncfusion/ej2-compression": "~18.1.42",
        "@syncfusion/ej2-data": "~18.1.43",
        "@syncfusion/ej2-dropdowns": "~18.1.44",
        "@syncfusion/ej2-excel-export": "~18.1.42",
        "@syncfusion/ej2-file-utils": "~18.1.42",
        "@syncfusion/ej2-inputs": "~18.1.44",
        "@syncfusion/ej2-lists": "~18.1.44",
        "@syncfusion/ej2-navigations": "~18.1.43",
        "@syncfusion/ej2-pdf-export": "~18.1.42",
        "@syncfusion/ej2-popups": "~18.1.44",
        "@syncfusion/ej2-splitbuttons": "~18.1.43"
      }
    },
    "@syncfusion/ej2-icons": {
      "version": "18.1.42",
      "resolved": "https://registry.npmjs.org/@syncfusion/ej2-icons/-/ej2-icons-18.1.42.tgz",
      "integrity": "sha512-uBxHW5pUO8VpCr7qt+d3GFXzkX7uqojO6KHPu8t6QBgnwPFY8k4mQo6/pxBi/2xSeEaAr4nH+co9OErrq8qDeA=="
    },
    "@syncfusion/ej2-inputs": {
      "version": "18.1.44",
      "resolved": "https://registry.npmjs.org/@syncfusion/ej2-inputs/-/ej2-inputs-18.1.44.tgz",
      "integrity": "sha512-vvrnIyPpqbRC2ZnY5nosVHLtgTkWGhanNaLiKL72mKc51Yr4LL5XJwm/0Zj5aPXf+S4fr7n9vAklonQk61AOAQ==",
      "requires": {
        "@syncfusion/ej2-base": "~18.1.44",
        "@syncfusion/ej2-buttons": "~18.1.43",
        "@syncfusion/ej2-popups": "~18.1.44",
        "@syncfusion/ej2-splitbuttons": "~18.1.43"
      }
    },
    "@syncfusion/ej2-lists": {
      "version": "18.1.44",
      "resolved": "https://registry.npmjs.org/@syncfusion/ej2-lists/-/ej2-lists-18.1.44.tgz",
      "integrity": "sha512-WfCqvULb+icAeGmen7p7AM1zPEDQpdE2LRoBR8e1MGAOrIZ6qqdrN+TwV9hEeNqBp0BRmFXnDS7r0rbqVY4D/g==",
      "requires": {
        "@syncfusion/ej2-base": "~18.1.44",
        "@syncfusion/ej2-buttons": "~18.1.43",
        "@syncfusion/ej2-data": "~18.1.43"
      }
    },
    "@syncfusion/ej2-navigations": {
      "version": "18.1.43",
      "resolved": "https://registry.npmjs.org/@syncfusion/ej2-navigations/-/ej2-navigations-18.1.43.tgz",
      "integrity": "sha512-J/WhmSP7CZvdtF6CyGnIY1bO3z46aAvaXSUjPFZZCLXq3Lz+RmB1hqkA8dyZvcH2AtMXvDPeO1wGzmyy4kGGEw==",
      "requires": {
        "@syncfusion/ej2-base": "~18.1.42",
        "@syncfusion/ej2-buttons": "~18.1.43",
        "@syncfusion/ej2-data": "~18.1.43",
        "@syncfusion/ej2-inputs": "~18.1.43",
        "@syncfusion/ej2-lists": "~18.1.43",
        "@syncfusion/ej2-popups": "~18.1.43"
      }
    },
    "@syncfusion/ej2-pdf-export": {
      "version": "18.1.42",
      "resolved": "https://registry.npmjs.org/@syncfusion/ej2-pdf-export/-/ej2-pdf-export-18.1.42.tgz",
      "integrity": "sha512-0QCklG/c3Z8HsaxMsJmR/PfqsxrjOrVPw0HReleG3/V3wEeiPyQoEpCGFIUt5vU6+xFm/3APMZzBdhMkSxD+gw==",
      "requires": {
        "@syncfusion/ej2-compression": "~18.1.42"
      }
    },
    "@syncfusion/ej2-popups": {
      "version": "18.1.44",
      "resolved": "https://registry.npmjs.org/@syncfusion/ej2-popups/-/ej2-popups-18.1.44.tgz",
      "integrity": "sha512-Ttv9jmhdtV0yjQb3R+ZMGqi+eo1oB1SPEeDDYN5iAR8rlEpmn6MMVRUs4SZyiymXRbUo7abU3doX7eYrTSjQWw==",
      "requires": {
        "@syncfusion/ej2-base": "~18.1.44",
        "@syncfusion/ej2-buttons": "~18.1.43"
      }
    },
    "@syncfusion/ej2-splitbuttons": {
      "version": "18.1.43",
      "resolved": "https://registry.npmjs.org/@syncfusion/ej2-splitbuttons/-/ej2-splitbuttons-18.1.43.tgz",
      "integrity": "sha512-eqJM9hr2cddYNvDIFT12ehfhXArA8mHnkNYunHkStHJeGlf2bA78wc0euKaK+F3vWeiY2g7qOuuTEJtmC9ROvQ==",
      "requires": {
        "@syncfusion/ej2-base": "~18.1.42",
        "@syncfusion/ej2-popups": "~18.1.43"
      }
    },
    "core-js": {
      "version": "3.6.5",
      "resolved": "https://registry.npmjs.org/core-js/-/core-js-3.6.5.tgz",
      "integrity": "sha512-vZVEEwZoIsI+vPEuoF9Iqf5H7/M3eeQqWlQnYa8FSKKePuYTf5MWnxb5SDAzCa60b3JBRS5g9b+Dq7b1y/RCrA=="
    },
    "reflect-metadata": {
      "version": "0.1.13",
      "resolved": "https://registry.npmjs.org/reflect-metadata/-/reflect-metadata-0.1.13.tgz",
      "integrity": "sha512-Ts1Y/anZELhSsjMcU605fU9RE4Oi3p5ORujwbIKXfWa+0Zxs510Qrmrce5/Jowq3cHSZSJqBjypxmHarc+vEWg=="
    },
    "rxjs": {
      "version": "5.5.12",
      "resolved": "https://registry.npmjs.org/rxjs/-/rxjs-5.5.12.tgz",
      "integrity": "sha512-xx2itnL5sBbqeeiVgNPVuQQ1nC8Jp2WfNJhXWHmElW9YmrpS9UVnNzhP3EH3HFqexO5Tlp8GhYY+WEcqcVMvGw==",
      "requires": {
        "symbol-observable": "1.0.1"
      }
    },
    "symbol-observable": {
      "version": "1.0.1",
      "resolved": "https://registry.npmjs.org/symbol-observable/-/symbol-observable-1.0.1.tgz",
      "integrity": "sha1-g0D8RwLDEi310iKI+IKD9RPT/dQ="
    },
    "zone.js": {
      "version": "0.7.8",
      "resolved": "https://registry.npmjs.org/zone.js/-/zone.js-0.7.8.tgz",
      "integrity": "sha1-Tz/og01EWX8mOQU6D6Q43zT//e0="
    }
  }
}
